
Microsoft Visual Studio Solution File, Format Version 12.00
# Visual Studio Version 16
VisualStudioVersion = 16.0.33927.289
MinimumVisualStudioVersion = 10.0.40219.1
Project("{2150E333-8FDC-42A3-9474-1A3956D46DE8}") = "Task0", "Task0", "{597C489F-9048-4303-A6A5-2CCDA8EA0978}"
EndProject
Project("{FAE04EC0-301F-11D3-BF4B-00C04F79EFBC}") = "Tyuiu.NosyrevaUA.Sprint4.Task0.V6", "Tyuiu.NosyrevaUA.Sprint4.Task0.V6\Tyuiu.NosyrevaUA.Sprint4.Task0.V6.csproj", "{7209B5A6-D361-4F25-89B3-B2B6942F90D7}"
EndProject
Project("{FAE04EC0-301F-11D3-BF4B-00C04F79EFBC}") = "Tyuiu.NosyrevaUA.Sprint4.Task0.V6.Lib", "Tyuiu.NosyrevaUA.Sprint4.Task0.V6.Lib\Tyuiu.NosyrevaUA.Sprint4.Task0.V6.Lib.csproj", "{F46CE5FA-0AF3-49E4-8DDD-2536766993D8}"
EndProject
Project("{FAE04EC0-301F-11D3-BF4B-00C04F79EFBC}") = "Tyuiu.NosyrevaUA.Sprint4.Task0.V6.Test", "Tyuiu.NosyrevaUA.Sprint4.Task0.V6.Test\Tyuiu.NosyrevaUA.Sprint4.Task0.V6.Test.csproj", "{46DF4D1B-C74D-4B16-8CF3-372ADEB80755}"
EndProject
Project("{2150E333-8FDC-42A3-9474-1A3956D46DE8}") = "Task1", "Task1", "{C03F09AE-96AA-4AE2-B375-A9E67C89B6E5}"
EndProject
Project("{FAE04EC0-301F-11D3-BF4B-00C04F79EFBC}") = "Tyuiu.NosyrevaUA.Sprint4.Task1.V27", "Tyuiu.NosyrevaUA.Sprint4.Task1.V27\Tyuiu.NosyrevaUA.Sprint4.Task1.V27.csproj", "{1D76FB07-6923-4681-8D73-130424A2C6CA}"
EndProject
Project("{FAE04EC0-301F-11D3-BF4B-00C04F79EFBC}") = "Tyuiu.NosyrevaUA.Sprint4.Task1.V27.Lib", "Tyuiu.NosyrevaUA.Sprint4.Task1.V27.Lib\Tyuiu.NosyrevaUA.Sprint4.Task1.V27.Lib.csproj", "{4E50CDDD-C9F6-41F2-B27C-2CBFB93DDD95}"
EndProject
Project("{FAE04EC0-301F-11D3-BF4B-00C04F79EFBC}") = "Tyuiu.NosyrevaUA.Sprint4.Task1.V27.Test", "Tyuiu.NosyrevaUA.Sprint4.Task1.V27.Test\Tyuiu.NosyrevaUA.Sprint4.Task1.V27.Test.csproj", "{AB742B92-5514-47FB-A7F6-04CA4C3C435F}"
EndProject
Project("{2150E333-8FDC-42A3-9474-1A3956D46DE8}") = "Task2", "Task2", "{9B8BE548-697C-4BF3-91D9-265F1B91748E}"
EndProject
Project("{FAE04EC0-301F-11D3-BF4B-00C04F79EFBC}") = "Tyuiu.NosyrevaUA.Sprint4.Task2.V26", "Tyuiu.NosyrevaUA.Sprint4.Task2.V26\Tyuiu.NosyrevaUA.Sprint4.Task2.V26.csproj", "{46C0F3D4-170A-4368-9BFF-930A3C6DA6CB}"
EndProject
Project("{FAE04EC0-301F-11D3-BF4B-00C04F79EFBC}") = "Tyuiu.NosyrevaUA.Sprint4.Task2.V26.Lib", "Tyuiu.NosyrevaUA.Sprint4.Task2.V26.Lib\Tyuiu.NosyrevaUA.Sprint4.Task2.V26.Lib.csproj", "{A92CF70A-8D66-4305-B35D-8C4D7DD20453}"
EndProject
Project("{FAE04EC0-301F-11D3-BF4B-00C04F79EFBC}") = "Tyuiu.NosyrevaUA.Sprint4.Task2.V26.Test", "Tyuiu.NosyrevaUA.Sprint4.Task2.V26.Test\Tyuiu.NosyrevaUA.Sprint4.Task2.V26.Test.csproj", "{71182038-C740-4035-A716-D7ADAA32396B}"
EndProject
Project("{2150E333-8FDC-42A3-9474-1A3956D46DE8}") = "Task3", "Task3", "{619B9D99-99D7-4530-9FE8-E480B1542158}"
EndProject
Project("{FAE04EC0-301F-11D3-BF4B-00C04F79EFBC}") = "Tyuiu.NosyrevaUA.Sprint4.Task3.V21", "Tyuiu.NosyrevaUA.Sprint4.Task3.V21\Tyuiu.NosyrevaUA.Sprint4.Task3.V21.csproj", "{274E74F5-EE5A-4F47-A90B-85781B9969E9}"
EndProject
Project("{FAE04EC0-301F-11D3-BF4B-00C04F79EFBC}") = "Tyuiu.NosyrevaUA.Sprint4.Task3.V21.Lib", "Tyuiu.NosyrevaUA.Sprint4.Task3.V21.Lib\Tyuiu.NosyrevaUA.Sprint4.Task3.V21.Lib.csproj", "{3A928311-27DB-4947-8F99-AEA37CEA7F62}"
EndProject
Project("{FAE04EC0-301F-11D3-BF4B-00C04F79EFBC}") = "Tyuiu.NosyrevaUA.Sprint4.Task3.V21.Test", "Tyuiu.NosyrevaUA.Sprint4.Task3.V21.Test\Tyuiu.NosyrevaUA.Sprint4.Task3.V21.Test.csproj", "{0A17133C-7312-4CA7-8715-82E6F9A3B0C8}"
EndProject
Project("{2150E333-8FDC-42A3-9474-1A3956D46DE8}") = "Task4", "Task4", "{EA833E50-2800-4883-9F69-E170ADDC39DC}"
EndProject
Project("{FAE04EC0-301F-11D3-BF4B-00C04F79EFBC}") = "Tyuiu.NosyrevaUA.Sprint4.Task4.V30", "Tyuiu.NosyrevaUA.Sprint4.Task4.V30\Tyuiu.NosyrevaUA.Sprint4.Task4.V30.csproj", "{77F91B66-DE58-4C85-9CBE-B4A3806B2D7A}"
EndProject
Project("{FAE04EC0-301F-11D3-BF4B-00C04F79EFBC}") = "Tyuiu.NosyrevaUA.Sprint4.Task4.V30.Lib", "Tyuiu.NosyrevaUA.Sprint4.Task4.V30.Lib\Tyuiu.NosyrevaUA.Sprint4.Task4.V30.Lib.csproj", "{20B1CA4E-4336-462D-ABEF-DB6B0FFE7540}"
EndProject
Project("{FAE04EC0-301F-11D3-BF4B-00C04F79EFBC}") = "Tyuiu.NosyrevaUA.Sprint4.Task4.V30.Test", "Tyuiu.NosyrevaUA.Sprint4.Task4.V30.Test\Tyuiu.NosyrevaUA.Sprint4.Task4.V30.Test.csproj", "{021CFB30-43C5-458D-91AF-CCF2DE666028}"
EndProject
Global
	GlobalSection(SolutionConfigurationPlatforms) = preSolution
		Debug|Any CPU = Debug|Any CPU
		Release|Any CPU = Release|Any CPU
	EndGlobalSection
	GlobalSection(ProjectConfigurationPlatforms) = postSolution
		{7209B5A6-D361-4F25-89B3-B2B6942F90D7}.Debug|Any CPU.ActiveCfg = Debug|Any CPU
		{7209B5A6-D361-4F25-89B3-B2B6942F90D7}.Debug|Any CPU.Build.0 = Debug|Any CPU
		{7209B5A6-D361-4F25-89B3-B2B6942F90D7}.Release|Any CPU.ActiveCfg = Release|Any CPU
		{7209B5A6-D361-4F25-89B3-B2B6942F90D7}.Release|Any CPU.Build.0 = Release|Any CPU
		{F46CE5FA-0AF3-49E4-8DDD-2536766993D8}.Debug|Any CPU.ActiveCfg = Debug|Any CPU
		{F46CE5FA-0AF3-49E4-8DDD-2536766993D8}.Debug|Any CPU.Build.0 = Debug|Any CPU
		{F46CE5FA-0AF3-49E4-8DDD-2536766993D8}.Release|Any CPU.ActiveCfg = Release|Any CPU
		{F46CE5FA-0AF3-49E4-8DDD-2536766993D8}.Release|Any CPU.Build.0 = Release|Any CPU
		{46DF4D1B-C74D-4B16-8CF3-372ADEB80755}.Debug|Any CPU.ActiveCfg = Debug|Any CPU
		{46DF4D1B-C74D-4B16-8CF3-372ADEB80755}.Debug|Any CPU.Build.0 = Debug|Any CPU
		{46DF4D1B-C74D-4B16-8CF3-372ADEB80755}.Release|Any CPU.ActiveCfg = Release|Any CPU
		{46DF4D1B-C74D-4B16-8CF3-372ADEB80755}.Release|Any CPU.Build.0 = Release|Any CPU
		{1D76FB07-6923-4681-8D73-130424A2C6CA}.Debug|Any CPU.ActiveCfg = Debug|Any CPU
		{1D76FB07-6923-4681-8D73-130424A2C6CA}.Debug|Any CPU.Build.0 = Debug|Any CPU
		{1D76FB07-6923-4681-8D73-130424A2C6CA}.Release|Any CPU.ActiveCfg = Release|Any CPU
		{1D76FB07-6923-4681-8D73-130424A2C6CA}.Release|Any CPU.Build.0 = Release|Any CPU
		{4E50CDDD-C9F6-41F2-B27C-2CBFB93DDD95}.Debug|Any CPU.ActiveCfg = Debug|Any CPU
		{4E50CDDD-C9F6-41F2-B27C-2CBFB93DDD95}.Debug|Any CPU.Build.0 = Debug|Any CPU
		{4E50CDDD-C9F6-41F2-B27C-2CBFB93DDD95}.Release|Any CPU.ActiveCfg = Release|Any CPU
		{4E50CDDD-C9F6-41F2-B27C-2CBFB93DDD95}.Release|Any CPU.Build.0 = Release|Any CPU
		{AB742B92-5514-47FB-A7F6-04CA4C3C435F}.Debug|Any CPU.ActiveCfg = Debug|Any CPU
		{AB742B92-5514-47FB-A7F6-04CA4C3C435F}.Debug|Any CPU.Build.0 = Debug|Any CPU
		{AB742B92-5514-47FB-A7F6-04CA4C3C435F}.Release|Any CPU.ActiveCfg = Release|Any CPU
		{AB742B92-5514-47FB-A7F6-04CA4C3C435F}.Release|Any CPU.Build.0 = Release|Any CPU
		{46C0F3D4-170A-4368-9BFF-930A3C6DA6CB}.Debug|Any CPU.ActiveCfg = Debug|Any CPU
		{46C0F3D4-170A-4368-9BFF-930A3C6DA6CB}.Debug|Any CPU.Build.0 = Debug|Any CPU
		{46C0F3D4-170A-4368-9BFF-930A3C6DA6CB}.Release|Any CPU.ActiveCfg = Release|Any CPU
		{46C0F3D4-170A-4368-9BFF-930A3C6DA6CB}.Release|Any CPU.Build.0 = Release|Any CPU
		{A92CF70A-8D66-4305-B35D-8C4D7DD20453}.Debug|Any CPU.ActiveCfg = Debug|Any CPU
		{A92CF70A-8D66-4305-B35D-8C4D7DD20453}.Debug|Any CPU.Build.0 = Debug|Any CPU
		{A92CF70A-8D66-4305-B35D-8C4D7DD20453}.Release|Any CPU.ActiveCfg = Release|Any CPU
		{A92CF70A-8D66-4305-B35D-8C4D7DD20453}.Release|Any CPU.Build.0 = Release|Any CPU
		{71182038-C740-4035-A716-D7ADAA32396B}.Debug|Any CPU.ActiveCfg = Debug|Any CPU
		{71182038-C740-4035-A716-D7ADAA32396B}.Debug|Any CPU.Build.0 = Debug|Any CPU
		{71182038-C740-4035-A716-D7ADAA32396B}.Release|Any CPU.ActiveCfg = Release|Any CPU
		{71182038-C740-4035-A716-D7ADAA32396B}.Release|Any CPU.Build.0 = Release|Any CPU
		{274E74F5-EE5A-4F47-A90B-85781B9969E9}.Debug|Any CPU.ActiveCfg = Debug|Any CPU
		{274E74F5-EE5A-4F47-A90B-85781B9969E9}.Debug|Any CPU.Build.0 = Debug|Any CPU
		{274E74F5-EE5A-4F47-A90B-85781B9969E9}.Release|Any CPU.ActiveCfg = Release|Any CPU
		{274E74F5-EE5A-4F47-A90B-85781B9969E9}.Release|Any CPU.Build.0 = Release|Any CPU
		{3A928311-27DB-4947-8F99-AEA37CEA7F62}.Debug|Any CPU.ActiveCfg = Debug|Any CPU
		{3A928311-27DB-4947-8F99-AEA37CEA7F62}.Debug|Any CPU.Build.0 = Debug|Any CPU
		{3A928311-27DB-4947-8F99-AEA37CEA7F62}.Release|Any CPU.ActiveCfg = Release|Any CPU
		{3A928311-27DB-4947-8F99-AEA37CEA7F62}.Release|Any CPU.Build.0 = Release|Any CPU
		{0A17133C-7312-4CA7-8715-82E6F9A3B0C8}.Debug|Any CPU.ActiveCfg = Debug|Any CPU
		{0A17133C-7312-4CA7-8715-82E6F9A3B0C8}.Debug|Any CPU.Build.0 = Debug|Any CPU
		{0A17133C-7312-4CA7-8715-82E6F9A3B0C8}.Release|Any CPU.ActiveCfg = Release|Any CPU
		{0A17133C-7312-4CA7-8715-82E6F9A3B0C8}.Release|Any CPU.Build.0 = Release|Any CPU
		{77F91B66-DE58-4C85-9CBE-B4A3806B2D7A}.Debug|Any CPU.ActiveCfg = Debug|Any CPU
		{77F91B66-DE58-4C85-9CBE-B4A3806B2D7A}.Debug|Any CPU.Build.0 = Debug|Any CPU
		{77F91B66-DE58-4C85-9CBE-B4A3806B2D7A}.Release|Any CPU.ActiveCfg = Release|Any CPU
		{77F91B66-DE58-4C85-9CBE-B4A3806B2D7A}.Release|Any CPU.Build.0 = Release|Any CPU
		{20B1CA4E-4336-462D-ABEF-DB6B0FFE7540}.Debug|Any CPU.ActiveCfg = Debug|Any CPU
		{20B1CA4E-4336-462D-ABEF-DB6B0FFE7540}.Debug|Any CPU.Build.0 = Debug|Any CPU
		{20B1CA4E-4336-462D-ABEF-DB6B0FFE7540}.Release|Any CPU.ActiveCfg = Release|Any CPU
		{20B1CA4E-4336-462D-ABEF-DB6B0FFE7540}.Release|Any CPU.Build.0 = Release|Any CPU
		{021CFB30-43C5-458D-91AF-CCF2DE666028}.Debug|Any CPU.ActiveCfg = Debug|Any CPU
		{021CFB30-43C5-458D-91AF-CCF2DE666028}.Debug|Any CPU.Build.0 = Debug|Any CPU
		{021CFB30-43C5-458D-91AF-CCF2DE666028}.Release|Any CPU.ActiveCfg = Release|Any CPU
		{021CFB30-43C5-458D-91AF-CCF2DE666028}.Release|Any CPU.Build.0 = Release|Any CPU
	EndGlobalSection
	GlobalSection(SolutionProperties) = preSolution
		HideSolutionNode = FALSE
	EndGlobalSection
	GlobalSection(NestedProjects) = preSolution
		{7209B5A6-D361-4F25-89B3-B2B6942F90D7} = {597C489F-9048-4303-A6A5-2CCDA8EA0978}
		{F46CE5FA-0AF3-49E4-8DDD-2536766993D8} = {597C489F-9048-4303-A6A5-2CCDA8EA0978}
		{46DF4D1B-C74D-4B16-8CF3-372ADEB80755} = {597C489F-9048-4303-A6A5-2CCDA8EA0978}
		{1D76FB07-6923-4681-8D73-130424A2C6CA} = {C03F09AE-96AA-4AE2-B375-A9E67C89B6E5}
		{4E50CDDD-C9F6-41F2-B27C-2CBFB93DDD95} = {C03F09AE-96AA-4AE2-B375-A9E67C89B6E5}
		{AB742B92-5514-47FB-A7F6-04CA4C3C435F} = {C03F09AE-96AA-4AE2-B375-A9E67C89B6E5}
		{46C0F3D4-170A-4368-9BFF-930A3C6DA6CB} = {9B8BE548-697C-4BF3-91D9-265F1B91748E}
		{A92CF70A-8D66-4305-B35D-8C4D7DD20453} = {9B8BE548-697C-4BF3-91D9-265F1B91748E}
		{71182038-C740-4035-A716-D7ADAA32396B} = {9B8BE548-697C-4BF3-91D9-265F1B91748E}
		{274E74F5-EE5A-4F47-A90B-85781B9969E9} = {619B9D99-99D7-4530-9FE8-E480B1542158}
		{3A928311-27DB-4947-8F99-AEA37CEA7F62} = {619B9D99-99D7-4530-9FE8-E480B1542158}
		{0A17133C-7312-4CA7-8715-82E6F9A3B0C8} = {619B9D99-99D7-4530-9FE8-E480B1542158}
		{77F91B66-DE58-4C85-9CBE-B4A3806B2D7A} = {EA833E50-2800-4883-9F69-E170ADDC39DC}
		{20B1CA4E-4336-462D-ABEF-DB6B0FFE7540} = {EA833E50-2800-4883-9F69-E170ADDC39DC}
		{021CFB30-43C5-458D-91AF-CCF2DE666028} = {EA833E50-2800-4883-9F69-E170ADDC39DC}
	EndGlobalSection
	GlobalSection(ExtensibilityGlobals) = postSolution
		SolutionGuid = {2ADEC2F1-5B0B-4624-87F7-A6F408A53755}
	EndGlobalSection
EndGlobal
